dependencies:
- name: postgres
  repository: oci://registry-1.docker.io/cloudpirates
  version: 0.19.13
- name: common
  repository: oci://ghcr.io/chgl/charts
  version: 0.1.0
digest: sha256:92a581104ed68ae297835622f46a16008f13a1471a198f7c8f8754a4e282f714
generated: "2026-08-06T08:39:35.573657434Z"
