dependencies:
- name: postgresql
  repository: oci://registry-1.docker.io/bitnamicharts
  version: 16.7.5
- name: common
  repository: oci://registry-1.docker.io/bitnamicharts
  version: 2.31.1
digest: sha256:0914b3e99539c54642eef2ba61270150714c22978e818b9cc1f7ac239df53685
generated: "2025-05-29T21:03:42.010800675Z"
