dependencies:
- name: postgresql
  repository: oci://registry-1.docker.io/bitnamicharts
  version: 13.2.5
- name: trivy
  repository: https://aquasecurity.github.io/helm-charts
  version: 0.7.0
digest: sha256:850c075292cef47a3c9bfee7cd420b9735ced77e5fbcbf22161192902e6399f8
generated: "2023-11-12T16:45:28.85018219Z"
