dependencies:
- name: minio
  repository: oci://registry-1.docker.io/bitnamicharts
  version: 17.0.21
- name: common
  repository: oci://registry-1.docker.io/bitnamicharts
  version: 2.31.4
digest: sha256:760e061408f6a060c8b9180ee6af8501c44a3c272138f8abc4e30d0a7e146f6c
generated: "2025-08-16T14:35:17.757827292Z"
